
Microsoft Visual Studio Solution File, Format Version 12.00
# Visual Studio Version 16
VisualStudioVersion = 16.0.32126.315
MinimumVisualStudioVersion = 10.0.40219.1
Project("{FAE04EC0-301F-11D3-BF4B-00C04F79EFBC}") = "Replace Vowel with Another Character", "Replace Vowel with Another Character.csproj", "{23293944-2D34-4361-A39A-09222D97F560}"
EndProject
Global
	GlobalSection(SolutionConfigurationPlatforms) = preSolution
		Debug|Any CPU = Debug|Any CPU
		Release|Any CPU = Release|Any CPU
	EndGlobalSection
	GlobalSection(ProjectConfigurationPlatforms) = postSolution
		{23293944-2D34-4361-A39A-09222D97F560}.Debug|Any CPU.ActiveCfg = Debug|Any CPU
		{23293944-2D34-4361-A39A-09222D97F560}.Debug|Any CPU.Build.0 = Debug|Any CPU
		{23293944-2D34-4361-A39A-09222D97F560}.Release|Any CPU.ActiveCfg = Release|Any CPU
		{23293944-2D34-4361-A39A-09222D97F560}.Release|Any CPU.Build.0 = Release|Any CPU
	EndGlobalSection
	GlobalSection(SolutionProperties) = preSolution
		HideSolutionNode = FALSE
	EndGlobalSection
	GlobalSection(ExtensibilityGlobals) = postSolution
		SolutionGuid = {32CAC6B0-3C1E-424B-BD26-EE0D79C0CC56}
	EndGlobalSection
EndGlobal
